
Microsoft Visual Studio Solution File, Format Version 12.00
# Visual Studio 15
VisualStudioVersion = 15.0.28306.52
MinimumVisualStudioVersion = 10.0.40219.1
Project("{FAE04EC0-301F-11D3-BF4B-00C04F79EFBC}") = "PreExamenPrograIII", "PreExamenPrograIII\PreExamenPrograIII.csproj", "{ED48698C-1C9B-4C36-8F84-FA2E742B40AD}"
EndProject
Global
	GlobalSection(SolutionConfigurationPlatforms) = preSolution
		Debug|Any CPU = Debug|Any CPU
		Release|Any CPU = Release|Any CPU
	EndGlobalSection
	GlobalSection(ProjectConfigurationPlatforms) = postSolution
		{ED48698C-1C9B-4C36-8F84-FA2E742B40AD}.Debug|Any CPU.ActiveCfg = Debug|Any CPU
		{ED48698C-1C9B-4C36-8F84-FA2E742B40AD}.Debug|Any CPU.Build.0 = Debug|Any CPU
		{ED48698C-1C9B-4C36-8F84-FA2E742B40AD}.Release|Any CPU.ActiveCfg = Release|Any CPU
		{ED48698C-1C9B-4C36-8F84-FA2E742B40AD}.Release|Any CPU.Build.0 = Release|Any CPU
	EndGlobalSection
	GlobalSection(SolutionProperties) = preSolution
		HideSolutionNode = FALSE
	EndGlobalSection
	GlobalSection(ExtensibilityGlobals) = postSolution
		SolutionGuid = {04B761DC-A098-4A5F-AC96-84D06CCDCDF9}
	EndGlobalSection
EndGlobal
